
Microsoft Visual Studio Solution File, Format Version 12.00
# Visual Studio Version 17
VisualStudioVersion = 17.4.33205.214
MinimumVisualStudioVersion = 10.0.40219.1
Project("{9A19103F-16F7-4668-BE54-9A1E7A4F7556}") = "Bloggy.Core", "Bloggy.Core\Bloggy.Core.csproj", "{01AF2417-BFC9-4569-9BB5-48F1737D5902}"
EndProject
Project("{9A19103F-16F7-4668-BE54-9A1E7A4F7556}") = "Bloggy.Repository", "Bloggy.Repository\Bloggy.Repository.csproj", "{F3BE0137-E275-435F-A8AF-E25FBDEC14AA}"
EndProject
Project("{9A19103F-16F7-4668-BE54-9A1E7A4F7556}") = "Bloggy.Service", "Bloggy.Service\Bloggy.Service.csproj", "{9479EBFE-C903-4419-9842-F45570C05282}"
EndProject
Project("{9A19103F-16F7-4668-BE54-9A1E7A4F7556}") = "Bloggy.WebAPI", "Bloggy.WebAPI\Bloggy.WebAPI.csproj", "{E52A8D29-CF43-4F9E-BC0E-0CBD8696E776}"
EndProject
Project("{9A19103F-16F7-4668-BE54-9A1E7A4F7556}") = "Bloggy.PresentationMVC", "Bloggy.PresentationMVC\Bloggy.PresentationMVC.csproj", "{2FBD110A-9C5B-4FA0-8710-A7026E6D9F82}"
EndProject
Project("{9A19103F-16F7-4668-BE54-9A1E7A4F7556}") = "Bloggy.SharedLibrary", "Bloggy.SharedLibrary\Bloggy.SharedLibrary.csproj", "{12BBE0D4-D7B2-446E-905A-49B85957D8A0}"
EndProject
Project("{FAE04EC0-301F-11D3-BF4B-00C04F79EFBC}") = "Bloggy.AuthAPI", "Bloggy.AuthAPI\Bloggy.AuthAPI.csproj", "{6F89F4B4-DC56-4ECB-B303-E78B113AE634}"
EndProject
Global
	GlobalSection(SolutionConfigurationPlatforms) = preSolution
		Debug|Any CPU = Debug|Any CPU
		Release|Any CPU = Release|Any CPU
	EndGlobalSection
	GlobalSection(ProjectConfigurationPlatforms) = postSolution
		{01AF2417-BFC9-4569-9BB5-48F1737D5902}.Debug|Any CPU.ActiveCfg = Debug|Any CPU
		{01AF2417-BFC9-4569-9BB5-48F1737D5902}.Debug|Any CPU.Build.0 = Debug|Any CPU
		{01AF2417-BFC9-4569-9BB5-48F1737D5902}.Release|Any CPU.ActiveCfg = Release|Any CPU
		{01AF2417-BFC9-4569-9BB5-48F1737D5902}.Release|Any CPU.Build.0 = Release|Any CPU
		{F3BE0137-E275-435F-A8AF-E25FBDEC14AA}.Debug|Any CPU.ActiveCfg = Debug|Any CPU
		{F3BE0137-E275-435F-A8AF-E25FBDEC14AA}.Debug|Any CPU.Build.0 = Debug|Any CPU
		{F3BE0137-E275-435F-A8AF-E25FBDEC14AA}.Release|Any CPU.ActiveCfg = Release|Any CPU
		{F3BE0137-E275-435F-A8AF-E25FBDEC14AA}.Release|Any CPU.Build.0 = Release|Any CPU
		{9479EBFE-C903-4419-9842-F45570C05282}.Debug|Any CPU.ActiveCfg = Debug|Any CPU
		{9479EBFE-C903-4419-9842-F45570C05282}.Debug|Any CPU.Build.0 = Debug|Any CPU
		{9479EBFE-C903-4419-9842-F45570C05282}.Release|Any CPU.ActiveCfg = Release|Any CPU
		{9479EBFE-C903-4419-9842-F45570C05282}.Release|Any CPU.Build.0 = Release|Any CPU
		{E52A8D29-CF43-4F9E-BC0E-0CBD8696E776}.Debug|Any CPU.ActiveCfg = Debug|Any CPU
		{E52A8D29-CF43-4F9E-BC0E-0CBD8696E776}.Debug|Any CPU.Build.0 = Debug|Any CPU
		{E52A8D29-CF43-4F9E-BC0E-0CBD8696E776}.Release|Any CPU.ActiveCfg = Release|Any CPU
		{E52A8D29-CF43-4F9E-BC0E-0CBD8696E776}.Release|Any CPU.Build.0 = Release|Any CPU
		{2FBD110A-9C5B-4FA0-8710-A7026E6D9F82}.Debug|Any CPU.ActiveCfg = Debug|Any CPU
		{2FBD110A-9C5B-4FA0-8710-A7026E6D9F82}.Debug|Any CPU.Build.0 = Debug|Any CPU
		{2FBD110A-9C5B-4FA0-8710-A7026E6D9F82}.Release|Any CPU.ActiveCfg = Release|Any CPU
		{2FBD110A-9C5B-4FA0-8710-A7026E6D9F82}.Release|Any CPU.Build.0 = Release|Any CPU
		{12BBE0D4-D7B2-446E-905A-49B85957D8A0}.Debug|Any CPU.ActiveCfg = Debug|Any CPU
		{12BBE0D4-D7B2-446E-905A-49B85957D8A0}.Debug|Any CPU.Build.0 = Debug|Any CPU
		{12BBE0D4-D7B2-446E-905A-49B85957D8A0}.Release|Any CPU.ActiveCfg = Release|Any CPU
		{12BBE0D4-D7B2-446E-905A-49B85957D8A0}.Release|Any CPU.Build.0 = Release|Any CPU
		{6F89F4B4-DC56-4ECB-B303-E78B113AE634}.Debug|Any CPU.ActiveCfg = Debug|Any CPU
		{6F89F4B4-DC56-4ECB-B303-E78B113AE634}.Debug|Any CPU.Build.0 = Debug|Any CPU
		{6F89F4B4-DC56-4ECB-B303-E78B113AE634}.Release|Any CPU.ActiveCfg = Release|Any CPU
		{6F89F4B4-DC56-4ECB-B303-E78B113AE634}.Release|Any CPU.Build.0 = Release|Any CPU
	EndGlobalSection
	GlobalSection(SolutionProperties) = preSolution
		HideSolutionNode = FALSE
	EndGlobalSection
	GlobalSection(ExtensibilityGlobals) = postSolution
		SolutionGuid = {00BB3260-6113-488E-9D36-0FFC0F15BC42}
	EndGlobalSection
EndGlobal
